
Microsoft Visual Studio Solution File, Format Version 12.00
# Visual Studio Version 16
VisualStudioVersion = 16.0.31613.86
MinimumVisualStudioVersion = 10.0.40219.1
Project("{9A19103F-16F7-4668-BE54-9A1E7A4F7556}") = "HRMS.WebApi", "HRMS.WebApi\HRMS.WebApi.csproj", "{6F5EA5FC-9C48-4D8B-A602-7FDBD55B8FE8}"
EndProject
Project("{9A19103F-16F7-4668-BE54-9A1E7A4F7556}") = "HRMS.DAL", "HRMS.DAL\HRMS.DAL.csproj", "{30CAE9F1-022C-4A81-B947-D91A785CEE4E}"
EndProject
Project("{9A19103F-16F7-4668-BE54-9A1E7A4F7556}") = "HRMS.BLL", "HRMS.BLL\HRMS.BLL.csproj", "{09716D57-28E7-4D19-BAE2-847B04354DEE}"
EndProject
Project("{2150E333-8FDC-42A3-9474-1A3956D46DE8}") = "UnitTests", "UnitTests", "{F4EA1877-AD06-4BE4-B11B-155068EC45FF}"
EndProject
Project("{9A19103F-16F7-4668-BE54-9A1E7A4F7556}") = "HRMS.DAL.IntegrationTests", "DLL.UnitTests\HRMS.DAL.IntegrationTests.csproj", "{F28925C4-6F4E-4208-B8E2-24F6D947907B}"
EndProject
Project("{9A19103F-16F7-4668-BE54-9A1E7A4F7556}") = "HRMS.BLL.UnitTests", "HRMS.BLL.UnitTests\HRMS.BLL.UnitTests.csproj", "{61AD4005-98F2-423E-9809-413F8C5EA13D}"
EndProject
Global
	GlobalSection(SolutionConfigurationPlatforms) = preSolution
		Debug|Any CPU = Debug|Any CPU
		Release|Any CPU = Release|Any CPU
	EndGlobalSection
	GlobalSection(ProjectConfigurationPlatforms) = postSolution
		{6F5EA5FC-9C48-4D8B-A602-7FDBD55B8FE8}.Debug|Any CPU.ActiveCfg = Debug|Any CPU
		{6F5EA5FC-9C48-4D8B-A602-7FDBD55B8FE8}.Debug|Any CPU.Build.0 = Debug|Any CPU
		{6F5EA5FC-9C48-4D8B-A602-7FDBD55B8FE8}.Release|Any CPU.ActiveCfg = Release|Any CPU
		{6F5EA5FC-9C48-4D8B-A602-7FDBD55B8FE8}.Release|Any CPU.Build.0 = Release|Any CPU
		{30CAE9F1-022C-4A81-B947-D91A785CEE4E}.Debug|Any CPU.ActiveCfg = Debug|Any CPU
		{30CAE9F1-022C-4A81-B947-D91A785CEE4E}.Debug|Any CPU.Build.0 = Debug|Any CPU
		{30CAE9F1-022C-4A81-B947-D91A785CEE4E}.Release|Any CPU.ActiveCfg = Release|Any CPU
		{30CAE9F1-022C-4A81-B947-D91A785CEE4E}.Release|Any CPU.Build.0 = Release|Any CPU
		{09716D57-28E7-4D19-BAE2-847B04354DEE}.Debug|Any CPU.ActiveCfg = Debug|Any CPU
		{09716D57-28E7-4D19-BAE2-847B04354DEE}.Debug|Any CPU.Build.0 = Debug|Any CPU
		{09716D57-28E7-4D19-BAE2-847B04354DEE}.Release|Any CPU.ActiveCfg = Release|Any CPU
		{09716D57-28E7-4D19-BAE2-847B04354DEE}.Release|Any CPU.Build.0 = Release|Any CPU
		{F28925C4-6F4E-4208-B8E2-24F6D947907B}.Debug|Any CPU.ActiveCfg = Debug|Any CPU
		{F28925C4-6F4E-4208-B8E2-24F6D947907B}.Debug|Any CPU.Build.0 = Debug|Any CPU
		{F28925C4-6F4E-4208-B8E2-24F6D947907B}.Release|Any CPU.ActiveCfg = Release|Any CPU
		{F28925C4-6F4E-4208-B8E2-24F6D947907B}.Release|Any CPU.Build.0 = Release|Any CPU
		{61AD4005-98F2-423E-9809-413F8C5EA13D}.Debug|Any CPU.ActiveCfg = Debug|Any CPU
		{61AD4005-98F2-423E-9809-413F8C5EA13D}.Debug|Any CPU.Build.0 = Debug|Any CPU
		{61AD4005-98F2-423E-9809-413F8C5EA13D}.Release|Any CPU.ActiveCfg = Release|Any CPU
		{61AD4005-98F2-423E-9809-413F8C5EA13D}.Release|Any CPU.Build.0 = Release|Any CPU
	EndGlobalSection
	GlobalSection(SolutionProperties) = preSolution
		HideSolutionNode = FALSE
	EndGlobalSection
	GlobalSection(NestedProjects) = preSolution
		{F28925C4-6F4E-4208-B8E2-24F6D947907B} = {F4EA1877-AD06-4BE4-B11B-155068EC45FF}
		{61AD4005-98F2-423E-9809-413F8C5EA13D} = {F4EA1877-AD06-4BE4-B11B-155068EC45FF}
	EndGlobalSection
	GlobalSection(ExtensibilityGlobals) = postSolution
		SolutionGuid = {45767958-D230-42A8-8B09-FF0AF87494B4}
	EndGlobalSection
EndGlobal
