
Microsoft Visual Studio Solution File, Format Version 12.00
# Visual Studio Version 16
VisualStudioVersion = 16.0.31624.102
MinimumVisualStudioVersion = 10.0.40219.1
Project("{FAE04EC0-301F-11D3-BF4B-00C04F79EFBC}") = "HRMS.IS4", "HRMS.IS4\HRMS.IS4.csproj", "{D19DBC4F-9557-482B-A54F-0CFED3BC0584}"
EndProject
Global
	GlobalSection(SolutionConfigurationPlatforms) = preSolution
		Debug|Any CPU = Debug|Any CPU
		Release|Any CPU = Release|Any CPU
	EndGlobalSection
	GlobalSection(ProjectConfigurationPlatforms) = postSolution
		{D19DBC4F-9557-482B-A54F-0CFED3BC0584}.Debug|Any CPU.ActiveCfg = Debug|Any CPU
		{D19DBC4F-9557-482B-A54F-0CFED3BC0584}.Debug|Any CPU.Build.0 = Debug|Any CPU
		{D19DBC4F-9557-482B-A54F-0CFED3BC0584}.Release|Any CPU.ActiveCfg = Release|Any CPU
		{D19DBC4F-9557-482B-A54F-0CFED3BC0584}.Release|Any CPU.Build.0 = Release|Any CPU
	EndGlobalSection
	GlobalSection(SolutionProperties) = preSolution
		HideSolutionNode = FALSE
	EndGlobalSection
	GlobalSection(ExtensibilityGlobals) = postSolution
		SolutionGuid = {C0C8D19C-4E04-403B-B6B0-34522038AEDC}
	EndGlobalSection
EndGlobal
